
Microsoft Visual Studio Solution File, Format Version 12.00
# Visual Studio Version 16
VisualStudioVersion = 16.0.30204.135
MinimumVisualStudioVersion = 10.0.40219.1
Project("{FAE04EC0-301F-11D3-BF4B-00C04F79EFBC}") = "TrashCollectorProj", "TrashCollectorProj\TrashCollectorProj.csproj", "{C6C3DBF6-F771-489A-8150-7FD6EDC2B9EA}"
EndProject
Global
	GlobalSection(SolutionConfigurationPlatforms) = preSolution
		Debug|Any CPU = Debug|Any CPU
		Release|Any CPU = Release|Any CPU
	EndGlobalSection
	GlobalSection(ProjectConfigurationPlatforms) = postSolution
		{C6C3DBF6-F771-489A-8150-7FD6EDC2B9EA}.Debug|Any CPU.ActiveCfg = Debug|Any CPU
		{C6C3DBF6-F771-489A-8150-7FD6EDC2B9EA}.Debug|Any CPU.Build.0 = Debug|Any CPU
		{C6C3DBF6-F771-489A-8150-7FD6EDC2B9EA}.Release|Any CPU.ActiveCfg = Release|Any CPU
		{C6C3DBF6-F771-489A-8150-7FD6EDC2B9EA}.Release|Any CPU.Build.0 = Release|Any CPU
	EndGlobalSection
	GlobalSection(SolutionProperties) = preSolution
		HideSolutionNode = FALSE
	EndGlobalSection
	GlobalSection(ExtensibilityGlobals) = postSolution
		SolutionGuid = {FA79ABBC-FF55-4C1A-ABF8-615EE804DAE4}
	EndGlobalSection
EndGlobal
